hash: d8fd9db0e84dba1360405c6986142a1ffe19b61cee2f88057d49991c44dbcbb7
updated: 2020-04-17T22:02:30.989632+05:30
imports:
- name: bou.ke/monkey
  version: c597d8a6b9a52e9f7521b7e8913453b4745820f7
- name: github.com/certifi/gocertifi
  version: deb3ae2ef2610fde3330947281941c562861188b
- name: github.com/getsentry/sentry-go
  version: 93b68f59e483f3eede43c3212220a9f6689f8812
- name: github.com/mattermost/mattermost-server
  version: 96e36f73b25d7caa4d09c4a967fea54f57e9a52c
  subpackages:
  - plugin
- name: github.com/stretchr/testify
  version: 3ebf1ddaeb260c4b1ae502a01c7844fa8c1fa0e9
  subpackages:
  - assert
- name: github.com/thoas/go-funk
  version: 4dfafc7efb503e26f6d3233c0e519efcd1606959
testImports: []
