hash: 1f98fe7e9c2b5284681d0dfb33cbfbbada69f570ed38910dce69cc5a02f7a32c
updated: 2019-06-18T23:07:40.131869528+05:30
imports:
- name: github.com/blang/semver
  version: 3c1074078d32d767e08ab2c8564867292da86926
- name: github.com/bouk/monkey
  version: bdf6dea004c6fd1cdf4b25da8ad45a606c09409a
- name: github.com/certifi/gocertifi
  version: deb3ae2ef2610fde3330947281941c562861188b
- name: github.com/davecgh/go-spew
  version: d8f796af33cc11cb798c1aaeb27a4ebc5099927d
  subpackages:
  - spew
- name: github.com/dyatlov/go-opengraph
  version: 816b6608b3c8c1e871bc9cf777f390e2532081fe
  subpackages:
  - opengraph
- name: github.com/fsnotify/fsnotify
  version: c2828203cd70a50dcccfb2761f8b1f8ceef9a8e9
- name: github.com/getsentry/raven-go
  version: f04e7487e9a6b9d9837d52743fb5f40576c56411
- name: github.com/go-ldap/ldap
  version: 9f0d712775a0973b7824a1585a86a4ea1d5263d9
- name: github.com/golang/protobuf
  version: 89a0c16f4dc2a70c0ed864d8ef64878f24fdaa51
  subpackages:
  - proto
  - ptypes
  - ptypes/any
  - ptypes/duration
  - ptypes/timestamp
- name: github.com/gorilla/websocket
  version: ea4d1f681babbce9545c9c5f3d5194a789c89f5b
- name: github.com/hashicorp/go-hclog
  version: ff2cf002a8dd750586d91dddd4470c341f981fe1
- name: github.com/hashicorp/go-plugin
  version: a4620f9913d19f03a6bf19b2f304daaaf83ea130
- name: github.com/hashicorp/yamux
  version: 3520598351bb3500a49ae9563f5539666ae0a27c
- name: github.com/mattermost/go-i18n
  version: 9a9b2eb57c9f39e7142fe48a35f047716c444ed1
  subpackages:
  - i18n
  - i18n/bundle
  - i18n/language
  - i18n/translation
- name: github.com/mattermost/mattermost-server
  version: bfd66aa445a2df8c6ed6ba9f2567021ecf6c9f3b
  subpackages:
  - mlog
  - model
  - plugin
  - plugin/plugintest
  - plugin/plugintest/mock
  - services/timezones
  - utils
  - utils/fileutils
  - utils/jsonutils
  - utils/markdown
- name: github.com/mitchellh/go-testing-interface
  version: a61a99592b77c9ba629d254a693acffaeb4b7e28
- name: github.com/oklog/run
  version: 6934b124db28979da51d3470dadfa34d73d72652
- name: github.com/pborman/uuid
  version: e790cca94e6cc75c7064b1332e63811d4aae1a53
- name: github.com/pelletier/go-toml
  version: 4e9e0ee19b60b13eb79915933f44d8ed5f268bdd
- name: github.com/pkg/errors
  version: f15c970de5b76fac0b59abb32d62c17cc7bed265
- name: github.com/pmezard/go-difflib
  version: 5d4384ee4fb2527b0a1256a821ebfc92f91efefc
  subpackages:
  - difflib
- name: github.com/stretchr/objx
  version: ea4fe68685ee0d3cee7032121851b57e7494e8ea
- name: github.com/stretchr/testify
  version: ffdc059bfe9ce6a4e144ba849dbedead332c6053
  subpackages:
  - assert
  - mock
  - require
- name: github.com/thoas/go-funk
  version: c43409e2d5def27be9b081e316441108def35c8d
- name: go.uber.org/atomic
  version: 1ea20fb1cbb1cc08cbd0d913a96dead89aa18289
- name: go.uber.org/multierr
  version: 3c4937480c32f4c13a875a1829af76c98ca3d40a
- name: go.uber.org/zap
  version: 2dc8d10634f473f4dc678e48391a9dc8cf6ae6f9
  subpackages:
  - buffer
  - internal/bufferpool
  - internal/color
  - internal/exit
  - zapcore
- name: golang.org/x/crypto
  version: aabede6cba87e37f413b3e60ebfc214f8eeca1b0
  subpackages:
  - bcrypt
  - blowfish
- name: golang.org/x/net
  version: aaf60122140d3fcf75376d319f0554393160eb50
  subpackages:
  - context
  - html
  - html/atom
  - http/httpguts
  - http2
  - http2/hpack
  - idna
  - internal/timeseries
  - trace
- name: golang.org/x/sys
  version: 1c9583448a9c3aa0f9a6a5241bf73c0bd8aafded
  subpackages:
  - unix
- name: golang.org/x/text
  version: 6e3c4e7365ddcc329f090f96e4348398f6310088
  subpackages:
  - internal/language
  - internal/language/compact
  - internal/tag
  - language
  - secure/bidirule
  - transform
  - unicode/bidi
  - unicode/norm
- name: google.golang.org/genproto
  version: c66870c02cf823ceb633bcd05be3c7cda29976f4
  subpackages:
  - googleapis/rpc/status
- name: google.golang.org/grpc
  version: 9907ae0e57ce159e835381ed54eb271206bf7b12
  subpackages:
  - balancer
  - balancer/base
  - balancer/roundrobin
  - codes
  - connectivity
  - credentials
  - encoding
  - encoding/proto
  - grpclog
  - health
  - health/grpc_health_v1
  - internal
  - internal/backoff
  - internal/channelz
  - internal/envconfig
  - internal/grpcrand
  - internal/transport
  - keepalive
  - metadata
  - naming
  - peer
  - resolver
  - resolver/dns
  - resolver/passthrough
  - stats
  - status
  - tap
- name: gopkg.in/asn1-ber.v1
  version: f715ec2f112d1e4195b827ad68cf44017a3ef2b1
- name: gopkg.in/natefinch/lumberjack.v2
  version: a96e63847dc3c67d17befa69c303767e2f84e54f
- name: gopkg.in/yaml.v2
  version: 287cf08546ab5e7e37d55a84f7ed3fd1db036de5
testImports: []
