hash: 5d40b7ca0d7605ee292b80822f120e5f6b939d3d4ecdaf3398289201f3d124bc
updated: 2020-05-21T06:48:59.930636+05:30
imports:
- name: bou.ke/monkey
  version: c597d8a6b9a52e9f7521b7e8913453b4745820f7
- name: github.com/blang/semver
  version: 1a9109f8c4a1d669a78442f567dfe8eedf982793
- name: github.com/certifi/gocertifi
  version: deb3ae2ef2610fde3330947281941c562861188b
- name: github.com/davecgh/go-spew
  version: d8f796af33cc11cb798c1aaeb27a4ebc5099927d
  subpackages:
  - spew
- name: github.com/dyatlov/go-opengraph
  version: 816b6608b3c8c1e871bc9cf777f390e2532081fe
  subpackages:
  - opengraph
- name: github.com/fatih/color
  version: daf2830f2741ebb735b21709a520c5f37d642d85
- name: github.com/fsnotify/fsnotify
  version: 7f4cf4dd2b522a984eaca51d1ccee54101d3414a
- name: github.com/getsentry/sentry-go
  version: 93b68f59e483f3eede43c3212220a9f6689f8812
- name: github.com/go-asn1-ber/asn1-ber
  version: effdc98edfb5dde0d9fd8dfba266f6483e6ce9f0
- name: github.com/go-ldap/ldap
  version: cfce9f74a7c9f150f4054a720e7a3b00e6cf86ae
- name: github.com/golang/protobuf
  version: d04d7b157bb510b1e0c10132224b616ac0e26b17
  subpackages:
  - proto
  - protoc-gen-go/descriptor
  - ptypes
  - ptypes/any
  - ptypes/duration
  - ptypes/empty
  - ptypes/timestamp
- name: github.com/google/uuid
  version: cb32006e483f2a23230e24209cf185c65b477dbf
- name: github.com/gorilla/websocket
  version: b65e62901fc1c0d968042419e74789f6af455eb9
- name: github.com/hashicorp/go-hclog
  version: 8476a63db2c6f66caab9c1d3c27e47e38d3704a9
- name: github.com/hashicorp/go-plugin
  version: 4c2f0639bfb69d99f6f21b350e87639b4df32df2
  subpackages:
  - internal/plugin
- name: github.com/hashicorp/yamux
  version: df201c70410deac145ff09e1126f3f8834ead1ec
- name: github.com/mattermost/go-i18n
  version: 9a9b2eb57c9f39e7142fe48a35f047716c444ed1
  subpackages:
  - i18n
  - i18n/bundle
  - i18n/language
  - i18n/translation
- name: github.com/mattermost/mattermost-server
  version: 96e36f73b25d7caa4d09c4a967fea54f57e9a52c
  subpackages:
  - mlog
  - model
  - plugin
  - plugin/plugintest
  - plugin/plugintest/mock
  - services/timezones
  - utils
  - utils/fileutils
  - utils/jsonutils
  - utils/markdown
- name: github.com/mattn/go-colorable
  version: f1b5a0ed4603826971e6d07195710bbc9ed74df6
- name: github.com/mattn/go-isatty
  version: cb30d6282491c185f77d9bec5d25de1bb61a06bc
- name: github.com/mitchellh/go-testing-interface
  version: 93f0c65740d3e21a23304be03030037f06e933ea
- name: github.com/oklog/run
  version: c7096881717ecba8d86fc591c1cee0940e31ec2a
- name: github.com/pborman/uuid
  version: 5b6091a6a160ee5ce12917b21ab96acec2a4fdc0
- name: github.com/pelletier/go-toml
  version: 16c9a8bdc086a2130a88eff98df4088e4c359bb2
- name: github.com/pkg/errors
  version: 614d223910a179a466c1767a985424175c39b465
- name: github.com/pmezard/go-difflib
  version: 5d4384ee4fb2527b0a1256a821ebfc92f91efefc
  subpackages:
  - difflib
- name: github.com/stretchr/objx
  version: 35313a95ee26395aa17d366c71a2ccf788fa69b6
- name: github.com/stretchr/testify
  version: 3ebf1ddaeb260c4b1ae502a01c7844fa8c1fa0e9
  subpackages:
  - assert
  - mock
  - require
- name: github.com/teambition/rrule-go
  version: 8634ce7ec418f4e7cfbd4bf9df5ba3b4407b5ab0
  repo: git@github.com:standup-raven/rrule-go.git
- name: github.com/thoas/go-funk
  version: 4dfafc7efb503e26f6d3233c0e519efcd1606959
- name: go.uber.org/atomic
  version: 7ccfa79b883fc5ba5bd24ee88a8e5a455556d2dd
- name: go.uber.org/multierr
  version: b587143a48b62b01d337824eab43700af6ffe222
- name: go.uber.org/zap
  version: c9ca99951c74a6fcaf507962e772861e2218ce2e
  subpackages:
  - buffer
  - internal/bufferpool
  - internal/color
  - internal/exit
  - zapcore
- name: golang.org/x/crypto
  version: 06a226fb4e3765ef3f48aa2852b401bc7b98e981
  subpackages:
  - bcrypt
  - blowfish
- name: golang.org/x/net
  version: 0ba52f642ac2f9371a88bfdde41f4b4e195a37c0
  subpackages:
  - context
  - html
  - html/atom
  - http/httpguts
  - http2
  - http2/hpack
  - idna
  - internal/timeseries
  - trace
- name: golang.org/x/sys
  version: fe76b779f299728f3bd63f77ea2c815504229c3b
  subpackages:
  - internal/unsafeheader
  - unix
- name: golang.org/x/text
  version: 81608d7e9c6863c922f599e4ff1329a685218c0d
  subpackages:
  - internal/language
  - internal/language/compact
  - internal/tag
  - language
  - secure/bidirule
  - transform
  - unicode/bidi
  - unicode/norm
- name: google.golang.org/genproto
  version: 08726f379972816194bd727ac5c102d4310b132d
  subpackages:
  - googleapis/rpc/status
- name: google.golang.org/grpc
  version: 8bd46590eb550787035bbfe02f8c637deac934e7
  subpackages:
  - attributes
  - backoff
  - balancer
  - balancer/base
  - balancer/roundrobin
  - binarylog/grpc_binarylog_v1
  - codes
  - connectivity
  - credentials
  - credentials/internal
  - encoding
  - encoding/proto
  - grpclog
  - health
  - health/grpc_health_v1
  - internal
  - internal/backoff
  - internal/balancerload
  - internal/binarylog
  - internal/buffer
  - internal/channelz
  - internal/envconfig
  - internal/grpclog
  - internal/grpcrand
  - internal/grpcsync
  - internal/grpcutil
  - internal/resolver/dns
  - internal/resolver/passthrough
  - internal/serviceconfig
  - internal/status
  - internal/syscall
  - internal/transport
  - keepalive
  - metadata
  - peer
  - reflection
  - reflection/grpc_reflection_v1alpha
  - resolver
  - serviceconfig
  - stats
  - status
  - tap
- name: google.golang.org/protobuf
  version: 118baf639023c3e171d19f20c72a05e3992fc90e
  subpackages:
  - encoding/prototext
  - encoding/protowire
  - internal/descfmt
  - internal/descopts
  - internal/detrand
  - internal/encoding/defval
  - internal/encoding/messageset
  - internal/encoding/tag
  - internal/encoding/text
  - internal/errors
  - internal/fieldnum
  - internal/fieldsort
  - internal/filedesc
  - internal/filetype
  - internal/flags
  - internal/genname
  - internal/impl
  - internal/mapsort
  - internal/pragma
  - internal/set
  - internal/strs
  - internal/version
  - proto
  - reflect/protoreflect
  - reflect/protoregistry
  - runtime/protoiface
  - runtime/protoimpl
  - types/descriptorpb
  - types/known/anypb
  - types/known/durationpb
  - types/known/emptypb
  - types/known/timestamppb
- name: gopkg.in/natefinch/lumberjack.v2
  version: a96e63847dc3c67d17befa69c303767e2f84e54f
- name: gopkg.in/yaml.v2
  version: 0b1645d91e851e735d3e23330303ce81f70adbe3
testImports: []
